
Microsoft Visual Studio Solution File, Format Version 12.00
# Visual Studio Version 18
VisualStudioVersion = 18.0.11217.181 d18.0
MinimumVisualStudioVersion = 10.0.40219.1
Project("{FAE04EC0-301F-11D3-BF4B-00C04F79EFBC}") = "BibliotecaAPI", "BibliotecaAPI\BibliotecaAPI.csproj", "{F742D5DF-C96F-4F39-92BE-B74EBBB370E0}"
EndProject
Project("{FAE04EC0-301F-11D3-BF4B-00C04F79EFBC}") = "BibliotecaAPITest", "BibliotecaAPITest\BibliotecaAPITest.csproj", "{BB17F61E-3B62-4EA2-A6EB-7C88CEBA3EAF}"
EndProject
Global
	GlobalSection(SolutionConfigurationPlatforms) = preSolution
		Debug|Any CPU = Debug|Any CPU
		Release|Any CPU = Release|Any CPU
	EndGlobalSection
	GlobalSection(ProjectConfigurationPlatforms) = postSolution
		{F742D5DF-C96F-4F39-92BE-B74EBBB370E0}.Debug|Any CPU.ActiveCfg = Debug|Any CPU
		{F742D5DF-C96F-4F39-92BE-B74EBBB370E0}.Debug|Any CPU.Build.0 = Debug|Any CPU
		{F742D5DF-C96F-4F39-92BE-B74EBBB370E0}.Release|Any CPU.ActiveCfg = Release|Any CPU
		{F742D5DF-C96F-4F39-92BE-B74EBBB370E0}.Release|Any CPU.Build.0 = Release|Any CPU
		{BB17F61E-3B62-4EA2-A6EB-7C88CEBA3EAF}.Debug|Any CPU.ActiveCfg = Debug|Any CPU
		{BB17F61E-3B62-4EA2-A6EB-7C88CEBA3EAF}.Debug|Any CPU.Build.0 = Debug|Any CPU
		{BB17F61E-3B62-4EA2-A6EB-7C88CEBA3EAF}.Release|Any CPU.ActiveCfg = Release|Any CPU
		{BB17F61E-3B62-4EA2-A6EB-7C88CEBA3EAF}.Release|Any CPU.Build.0 = Release|Any CPU
	EndGlobalSection
	GlobalSection(SolutionProperties) = preSolution
		HideSolutionNode = FALSE
	EndGlobalSection
	GlobalSection(ExtensibilityGlobals) = postSolution
		SolutionGuid = {0D65EA24-5907-44F7-9B16-EAF5970CE2E4}
	EndGlobalSection
EndGlobal
